
Microsoft Visual Studio Solution File, Format Version 12.00
# Visual Studio Version 17
VisualStudioVersion = 17.7.34031.279
MinimumVisualStudioVersion = 10.0.40219.1
Project("{9A19103F-16F7-4668-BE54-9A1E7A4F7556}") = "API", "API\API.csproj", "{16285875-3476-4F3E-9B8D-BD9DD79737AB}"
EndProject
Project("{9A19103F-16F7-4668-BE54-9A1E7A4F7556}") = "API.tests", "API.tests\API.tests.csproj", "{FFDE975F-3970-4E00-AD75-3CBA2F0735BD}"
EndProject
Project("{9A19103F-16F7-4668-BE54-9A1E7A4F7556}") = "Client", "Client\Client.csproj", "{07F7BD32-ED1D-497A-A269-412BDB277762}"
EndProject
Global
	GlobalSection(SolutionConfigurationPlatforms) = preSolution
		Debug|Any CPU = Debug|Any CPU
		Release|Any CPU = Release|Any CPU
	EndGlobalSection
	GlobalSection(ProjectConfigurationPlatforms) = postSolution
		{16285875-3476-4F3E-9B8D-BD9DD79737AB}.Debug|Any CPU.ActiveCfg = Debug|Any CPU
		{16285875-3476-4F3E-9B8D-BD9DD79737AB}.Debug|Any CPU.Build.0 = Debug|Any CPU
		{16285875-3476-4F3E-9B8D-BD9DD79737AB}.Release|Any CPU.ActiveCfg = Release|Any CPU
		{16285875-3476-4F3E-9B8D-BD9DD79737AB}.Release|Any CPU.Build.0 = Release|Any CPU
		{FFDE975F-3970-4E00-AD75-3CBA2F0735BD}.Debug|Any CPU.ActiveCfg = Debug|Any CPU
		{FFDE975F-3970-4E00-AD75-3CBA2F0735BD}.Debug|Any CPU.Build.0 = Debug|Any CPU
		{FFDE975F-3970-4E00-AD75-3CBA2F0735BD}.Release|Any CPU.ActiveCfg = Release|Any CPU
		{FFDE975F-3970-4E00-AD75-3CBA2F0735BD}.Release|Any CPU.Build.0 = Release|Any CPU
		{07F7BD32-ED1D-497A-A269-412BDB277762}.Debug|Any CPU.ActiveCfg = Debug|Any CPU
		{07F7BD32-ED1D-497A-A269-412BDB277762}.Debug|Any CPU.Build.0 = Debug|Any CPU
		{07F7BD32-ED1D-497A-A269-412BDB277762}.Release|Any CPU.ActiveCfg = Release|Any CPU
		{07F7BD32-ED1D-497A-A269-412BDB277762}.Release|Any CPU.Build.0 = Release|Any CPU
	EndGlobalSection
	GlobalSection(SolutionProperties) = preSolution
		HideSolutionNode = FALSE
	EndGlobalSection
	GlobalSection(ExtensibilityGlobals) = postSolution
		SolutionGuid = {17C4D368-48D9-41E8-9F4F-C559AB0DC13B}
	EndGlobalSection
EndGlobal
